// !$*UTF8*$!
{
	archiveVersion = 1;
	classes = {
	};
	objectVersion = 50;
	objects = {

/* Begin PBXBuildFile section */
		4506FFF1251E91F300097B23 /* ThreeHourModel.swift in Sources */ = {isa = PBXBuildFile; fileRef = 4506FFF0251E91F300097B23 /* ThreeHourModel.swift */; };
		4506FFF5251EBCB600097B23 /* DayModel.swift in Sources */ = {isa = PBXBuildFile; fileRef = 4506FFF4251EBCB600097B23 /* DayModel.swift */; };
		4556E8DF251D26B5006054B0 /* DayTableViewCell.swift in Sources */ = {isa = PBXBuildFile; fileRef = 4556E8DE251D26B5006054B0 /* DayTableViewCell.swift */; };
		4556E8E3251D4A48006054B0 /* DescriptionTableViewCell.swift in Sources */ = {isa = PBXBuildFile; fileRef = 4556E8E1251D4A48006054B0 /* DescriptionTableViewCell.swift */; };
		4556E8E4251D4A48006054B0 /* DescriptionTableViewCell.xib in Resources */ = {isa = PBXBuildFile; fileRef = 4556E8E2251D4A48006054B0 /* DescriptionTableViewCell.xib */; };
		455FD294251A2E8C000AC903 /* AppDelegate.swift in Sources */ = {isa = PBXBuildFile; fileRef = 455FD293251A2E8C000AC903 /* AppDelegate.swift */; };
		455FD296251A2E8C000AC903 /* SceneDelegate.swift in Sources */ = {isa = PBXBuildFile; fileRef = 455FD295251A2E8C000AC903 /* SceneDelegate.swift */; };
		455FD298251A2E8C000AC903 /* ViewController.swift in Sources */ = {isa = PBXBuildFile; fileRef = 455FD297251A2E8C000AC903 /* ViewController.swift */; };
		455FD29B251A2E8C000AC903 /* Main.storyboard in Resources */ = {isa = PBXBuildFile; fileRef = 455FD299251A2E8C000AC903 /* Main.storyboard */; };
		455FD29E251A2E8C000AC903 /* WeatherAppModel.xcdatamodeld in Sources */ = {isa = PBXBuildFile; fileRef = 455FD29C251A2E8C000AC903 /* WeatherAppModel.xcdatamodeld */; };
		455FD2A0251A2E8F000AC903 /* Assets.xcassets in Resources */ = {isa = PBXBuildFile; fileRef = 455FD29F251A2E8F000AC903 /* Assets.xcassets */; };
		455FD2A3251A2E8F000AC903 /* LaunchScreen.storyboard in Resources */ = {isa = PBXBuildFile; fileRef = 455FD2A1251A2E8F000AC903 /* LaunchScreen.storyboard */; };
		455FD2AE251A2E8F000AC903 /* WeatherAppTests.swift in Sources */ = {isa = PBXBuildFile; fileRef = 455FD2AD251A2E8F000AC903 /* WeatherAppTests.swift */; };
		455FD2BC251A32A3000AC903 /* NetworkService.swift in Sources */ = {isa = PBXBuildFile; fileRef = 455FD2BB251A32A3000AC903 /* NetworkService.swift */; };
		455FD2BF251A32C5000AC903 /* Constants.swift in Sources */ = {isa = PBXBuildFile; fileRef = 455FD2BE251A32C5000AC903 /* Constants.swift */; };
		455FD2C2251A3C6C000AC903 /* WeatherModel.swift in Sources */ = {isa = PBXBuildFile; fileRef = 455FD2C1251A3C6C000AC903 /* WeatherModel.swift */; };
		455FD2C5251A8403000AC903 /* CoreLocation.framework in Frameworks */ = {isa = PBXBuildFile; fileRef = 455FD2C4251A8403000AC903 /* CoreLocation.framework */; };
		455FD2C7251A8940000AC903 /* LocationService.swift in Sources */ = {isa = PBXBuildFile; fileRef = 455FD2C6251A8940000AC903 /* LocationService.swift */; };
		455FD2CD251A99E4000AC903 /* Presenter.swift in Sources */ = {isa = PBXBuildFile; fileRef = 455FD2CC251A99E4000AC903 /* Presenter.swift */; };
		455FE183251DD79B002C5A21 /* FullDetailsModel.swift in Sources */ = {isa = PBXBuildFile; fileRef = 455FE182251DD79B002C5A21 /* FullDetailsModel.swift */; };
		455FE187251DF617002C5A21 /* FullDescriptionTableViewCell.swift in Sources */ = {isa = PBXBuildFile; fileRef = 455FE185251DF617002C5A21 /* FullDescriptionTableViewCell.swift */; };
		455FE188251DF617002C5A21 /* FullDescriptionTableViewCell.xib in Resources */ = {isa = PBXBuildFile; fileRef = 455FE186251DF617002C5A21 /* FullDescriptionTableViewCell.xib */; };
		455FE18A251E0986002C5A21 /* sky_video.mp4 in Resources */ = {isa = PBXBuildFile; fileRef = 455FE189251E0986002C5A21 /* sky_video.mp4 */; };
		457BB2BA251CD2C900F4DF2D /* ThreeHourCollectionViewCell.swift in Sources */ = {isa = PBXBuildFile; fileRef = 457BB2B8251CD2C900F4DF2D /* ThreeHourCollectionViewCell.swift */; };
		457BB2BB251CD2C900F4DF2D /* ThreeHourCollectionViewCell.xib in Resources */ = {isa = PBXBuildFile; fileRef = 457BB2B9251CD2C900F4DF2D /* ThreeHourCollectionViewCell.xib */; };
		457BB2BF251CFDB100F4DF2D /* DaysTableViewCell.swift in Sources */ = {isa = PBXBuildFile; fileRef = 457BB2BD251CFDB100F4DF2D /* DaysTableViewCell.swift */; };
		457BB2C0251CFDB100F4DF2D /* DayTableViewCell.xib in Resources */ = {isa = PBXBuildFile; fileRef = 457BB2BE251CFDB100F4DF2D /* DayTableViewCell.xib */; };
		457C192025206EC000BB3FBD /* PersistenceService.swift in Sources */ = {isa = PBXBuildFile; fileRef = 457C191F25206EC000BB3FBD /* PersistenceService.swift */; };
		457C193B2520839000BB3FBD /* WeatherModel+CoreDataClass.swift in Sources */ = {isa = PBXBuildFile; fileRef = 457C19392520839000BB3FBD /* WeatherModel+CoreDataClass.swift */; };
		457C193C2520839000BB3FBD /* WeatherModel+CoreDataProperties.swift in Sources */ = {isa = PBXBuildFile; fileRef = 457C193A2520839000BB3FBD /* WeatherModel+CoreDataProperties.swift */; };
		457C19442520883D00BB3FBD /* NetworkCheckingService.swift in Sources */ = {isa = PBXBuildFile; fileRef = 457C19432520883D00BB3FBD /* NetworkCheckingService.swift */; };
		457C19502521AE9700BB3FBD /* MainModel.swift in Sources */ = {isa = PBXBuildFile; fileRef = 457C194F2521AE9700BB3FBD /* MainModel.swift */; };
		457C195C2521FE9800BB3FBD /* Universal.swift in Sources */ = {isa = PBXBuildFile; fileRef = 457C195B2521FE9800BB3FBD /* Universal.swift */; };
		457C766E251BC99D00FD5FD8 /* Extension.swift in Sources */ = {isa = PBXBuildFile; fileRef = 457C766D251BC99D00FD5FD8 /* Extension.swift */; };
/* End PBXBuildFile section */

/* Begin PBXContainerItemProxy section */
		455FD2AA251A2E8F000AC903 /* PBXContainerItemProxy */ = {
			isa = PBXContainerItemProxy;
			containerPortal = 455FD288251A2E8B000AC903 /* Project object */;
			proxyType = 1;
			remoteGlobalIDString = 455FD28F251A2E8C000AC903;
			remoteInfo = WeatherApp;
		};
/* End PBXContainerItemProxy section */

/* Begin PBXFileReference section */
		4506FFF0251E91F300097B23 /* ThreeHourModel.swift */ = {isa = PBXFileReference; lastKnownFileType = sourcecode.swift; path = ThreeHourModel.swift; sourceTree = "<group>"; };
		4506FFF4251EBCB600097B23 /* DayModel.swift */ = {isa = PBXFileReference; lastKnownFileType = sourcecode.swift; path = DayModel.swift; sourceTree = "<group>"; };
		4556E8DE251D26B5006054B0 /* DayTableViewCell.swift */ = {isa = PBXFileReference; lastKnownFileType = sourcecode.swift; path = DayTableViewCell.swift; sourceTree = "<group>"; };
		4556E8E1251D4A48006054B0 /* DescriptionTableViewCell.swift */ = {isa = PBXFileReference; lastKnownFileType = sourcecode.swift; path = DescriptionTableViewCell.swift; sourceTree = "<group>"; };
		4556E8E2251D4A48006054B0 /* DescriptionTableViewCell.xib */ = {isa = PBXFileReference; lastKnownFileType = file.xib; path = DescriptionTableViewCell.xib; sourceTree = "<group>"; };
		455FD290251A2E8C000AC903 /* WeatherApp.app */ = {isa = PBXFileReference; explicitFileType = wrapper.application; includeInIndex = 0; path = WeatherApp.app; sourceTree = BUILT_PRODUCTS_DIR; };
		455FD293251A2E8C000AC903 /* AppDelegate.swift */ = {isa = PBXFileReference; lastKnownFileType = sourcecode.swift; path = AppDelegate.swift; sourceTree = "<group>"; };
		455FD295251A2E8C000AC903 /* SceneDelegate.swift */ = {isa = PBXFileReference; lastKnownFileType = sourcecode.swift; path = SceneDelegate.swift; sourceTree = "<group>"; };
		455FD297251A2E8C000AC903 /* ViewController.swift */ = {isa = PBXFileReference; lastKnownFileType = sourcecode.swift; path = ViewController.swift; sourceTree = "<group>"; };
		455FD29A251A2E8C000AC903 /* Base */ = {isa = PBXFileReference; lastKnownFileType = file.storyboard; name = Base; path = Base.lproj/Main.storyboard; sourceTree = "<group>"; };
		455FD29D251A2E8C000AC903 /* WeatherApp.xcdatamodel */ = {isa = PBXFileReference; lastKnownFileType = wrapper.xcdatamodel; path = WeatherApp.xcdatamodel; sourceTree = "<group>"; };
		455FD29F251A2E8F000AC903 /* Assets.xcassets */ = {isa = PBXFileReference; lastKnownFileType = folder.assetcatalog; path = Assets.xcassets; sourceTree = "<group>"; };
		455FD2A2251A2E8F000AC903 /* Base */ = {isa = PBXFileReference; lastKnownFileType = file.storyboard; name = Base; path = Base.lproj/LaunchScreen.storyboard; sourceTree = "<group>"; };
		455FD2A4251A2E8F000AC903 /* Info.plist */ = {isa = PBXFileReference; lastKnownFileType = text.plist.xml; path = Info.plist; sourceTree = "<group>"; };
		455FD2A9251A2E8F000AC903 /* WeatherAppTests.xctest */ = {isa = PBXFileReference; explicitFileType = wrapper.cfbundle; includeInIndex = 0; path = WeatherAppTests.xctest; sourceTree = BUILT_PRODUCTS_DIR; };
		455FD2AD251A2E8F000AC903 /* WeatherAppTests.swift */ = {isa = PBXFileReference; lastKnownFileType = sourcecode.swift; path = WeatherAppTests.swift; sourceTree = "<group>"; };
		455FD2AF251A2E8F000AC903 /* Info.plist */ = {isa = PBXFileReference; lastKnownFileType = text.plist.xml; path = Info.plist; sourceTree = "<group>"; };
		455FD2BB251A32A3000AC903 /* NetworkService.swift */ = {isa = PBXFileReference; lastKnownFileType = sourcecode.swift; path = NetworkService.swift; sourceTree = "<group>"; };
		455FD2BE251A32C5000AC903 /* Constants.swift */ = {isa = PBXFileReference; lastKnownFileType = sourcecode.swift; path = Constants.swift; sourceTree = "<group>"; };
		455FD2C1251A3C6C000AC903 /* WeatherModel.swift */ = {isa = PBXFileReference; lastKnownFileType = sourcecode.swift; path = WeatherModel.swift; sourceTree = "<group>"; };
		455FD2C4251A8403000AC903 /* CoreLocation.framework */ = {isa = PBXFileReference; lastKnownFileType = wrapper.framework; name = CoreLocation.framework; path = System/Library/Frameworks/CoreLocation.framework; sourceTree = SDKROOT; };
		455FD2C6251A8940000AC903 /* LocationService.swift */ = {isa = PBXFileReference; lastKnownFileType = sourcecode.swift; path = LocationService.swift; sourceTree = "<group>"; };
		455FD2CC251A99E4000AC903 /* Presenter.swift */ = {isa = PBXFileReference; lastKnownFileType = sourcecode.swift; path = Presenter.swift; sourceTree = "<group>"; };
		455FE182251DD79B002C5A21 /* FullDetailsModel.swift */ = {isa = PBXFileReference; lastKnownFileType = sourcecode.swift; path = FullDetailsModel.swift; sourceTree = "<group>"; };
		455FE185251DF617002C5A21 /* FullDescriptionTableViewCell.swift */ = {isa = PBXFileReference; lastKnownFileType = sourcecode.swift; path = FullDescriptionTableViewCell.swift; sourceTree = "<group>"; };
		455FE186251DF617002C5A21 /* FullDescriptionTableViewCell.xib */ = {isa = PBXFileReference; lastKnownFileType = file.xib; path = FullDescriptionTableViewCell.xib; sourceTree = "<group>"; };
		455FE189251E0986002C5A21 /* sky_video.mp4 */ = {isa = PBXFileReference; lastKnownFileType = file; path = sky_video.mp4; sourceTree = "<group>"; };
		457BB2B8251CD2C900F4DF2D /* ThreeHourCollectionViewCell.swift */ = {isa = PBXFileReference; lastKnownFileType = sourcecode.swift; path = ThreeHourCollectionViewCell.swift; sourceTree = "<group>"; };
		457BB2B9251CD2C900F4DF2D /* ThreeHourCollectionViewCell.xib */ = {isa = PBXFileReference; lastKnownFileType = file.xib; path = ThreeHourCollectionViewCell.xib; sourceTree = "<group>"; };
		457BB2BD251CFDB100F4DF2D /* DaysTableViewCell.swift */ = {isa = PBXFileReference; lastKnownFileType = sourcecode.swift; path = DaysTableViewCell.swift; sourceTree = "<group>"; };
		457BB2BE251CFDB100F4DF2D /* DayTableViewCell.xib */ = {isa = PBXFileReference; lastKnownFileType = file.xib; path = DayTableViewCell.xib; sourceTree = "<group>"; };
		457C191F25206EC000BB3FBD /* PersistenceService.swift */ = {isa = PBXFileReference; fileEncoding = 4; lastKnownFileType = sourcecode.swift; path = PersistenceService.swift; sourceTree = "<group>"; };
		457C19392520839000BB3FBD /* WeatherModel+CoreDataClass.swift */ = {isa = PBXFileReference; lastKnownFileType = sourcecode.swift; path = "WeatherModel+CoreDataClass.swift"; sourceTree = "<group>"; };
		457C193A2520839000BB3FBD /* WeatherModel+CoreDataProperties.swift */ = {isa = PBXFileReference; lastKnownFileType = sourcecode.swift; path = "WeatherModel+CoreDataProperties.swift"; sourceTree = "<group>"; };
		457C19432520883D00BB3FBD /* NetworkCheckingService.swift */ = {isa = PBXFileReference; lastKnownFileType = sourcecode.swift; path = NetworkCheckingService.swift; sourceTree = "<group>"; };
		457C194F2521AE9700BB3FBD /* MainModel.swift */ = {isa = PBXFileReference; lastKnownFileType = sourcecode.swift; path = MainModel.swift; sourceTree = "<group>"; };
		457C195B2521FE9800BB3FBD /* Universal.swift */ = {isa = PBXFileReference; lastKnownFileType = sourcecode.swift; path = Universal.swift; sourceTree = "<group>"; };
		457C766D251BC99D00FD5FD8 /* Extension.swift */ = {isa = PBXFileReference; lastKnownFileType = sourcecode.swift; path = Extension.swift; sourceTree = "<group>"; };
/* End PBXFileReference section */

/* Begin PBXFrameworksBuildPhase section */
		455FD28D251A2E8C000AC903 /* Frameworks */ = {
			isa = PBXFrameworksBuildPhase;
			buildActionMask = 2147483647;
			files = (
				455FD2C5251A8403000AC903 /* CoreLocation.framework in Frameworks */,
			);
			runOnlyForDeploymentPostprocessing = 0;
		};
		455FD2A6251A2E8F000AC903 /* Frameworks */ = {
			isa = PBXFrameworksBuildPhase;
			buildActionMask = 2147483647;
			files = (
			);
			runOnlyForDeploymentPostprocessing = 0;
		};
/* End PBXFrameworksBuildPhase section */

/* Begin PBXGroup section */
		4556E8E0251D4A05006054B0 /* DescriptionCell */ = {
			isa = PBXGroup;
			children = (
				4556E8E1251D4A48006054B0 /* DescriptionTableViewCell.swift */,
				4556E8E2251D4A48006054B0 /* DescriptionTableViewCell.xib */,
			);
			path = DescriptionCell;
			sourceTree = "<group>";
		};
		455FD287251A2E8B000AC903 = {
			isa = PBXGroup;
			children = (
				457C19392520839000BB3FBD /* WeatherModel+CoreDataClass.swift */,
				457C193A2520839000BB3FBD /* WeatherModel+CoreDataProperties.swift */,
				455FD292251A2E8C000AC903 /* WeatherApp */,
				455FD2AC251A2E8F000AC903 /* WeatherAppTests */,
				455FD291251A2E8C000AC903 /* Products */,
				455FD2C3251A8403000AC903 /* Frameworks */,
			);
			sourceTree = "<group>";
		};
		455FD291251A2E8C000AC903 /* Products */ = {
			isa = PBXGroup;
			children = (
				455FD290251A2E8C000AC903 /* WeatherApp.app */,
				455FD2A9251A2E8F000AC903 /* WeatherAppTests.xctest */,
			);
			name = Products;
			sourceTree = "<group>";
		};
		455FD292251A2E8C000AC903 /* WeatherApp */ = {
			isa = PBXGroup;
			children = (
				457C766F251BD3ED00FD5FD8 /* Cells */,
				457C766D251BC99D00FD5FD8 /* Extension.swift */,
				455FD2C8251A980B000AC903 /* MainModule */,
				455FD2BD251A32B8000AC903 /* Constants */,
				455FD2BA251A327B000AC903 /* Services */,
				455FD299251A2E8C000AC903 /* Main.storyboard */,
				455FD2B9251A326B000AC903 /* Delegates */,
				455FD2B8251A2E9E000AC903 /* ThirdParty */,
			);
			path = WeatherApp;
			sourceTree = "<group>";
		};
		455FD2AC251A2E8F000AC903 /* WeatherAppTests */ = {
			isa = PBXGroup;
			children = (
				455FD2AD251A2E8F000AC903 /* WeatherAppTests.swift */,
				455FD2AF251A2E8F000AC903 /* Info.plist */,
			);
			path = WeatherAppTests;
			sourceTree = "<group>";
		};
		455FD2B8251A2E9E000AC903 /* ThirdParty */ = {
			isa = PBXGroup;
			children = (
				455FE189251E0986002C5A21 /* sky_video.mp4 */,
				455FD29F251A2E8F000AC903 /* Assets.xcassets */,
				455FD2A1251A2E8F000AC903 /* LaunchScreen.storyboard */,
				455FD2A4251A2E8F000AC903 /* Info.plist */,
				455FD29C251A2E8C000AC903 /* WeatherAppModel.xcdatamodeld */,
			);
			path = ThirdParty;
			sourceTree = "<group>";
		};
		455FD2B9251A326B000AC903 /* Delegates */ = {
			isa = PBXGroup;
			children = (
				455FD293251A2E8C000AC903 /* AppDelegate.swift */,
				455FD295251A2E8C000AC903 /* SceneDelegate.swift */,
			);
			path = Delegates;
			sourceTree = "<group>";
		};
		455FD2BA251A327B000AC903 /* Services */ = {
			isa = PBXGroup;
			children = (
				457C191F25206EC000BB3FBD /* PersistenceService.swift */,
				457C19432520883D00BB3FBD /* NetworkCheckingService.swift */,
				455FD2BB251A32A3000AC903 /* NetworkService.swift */,
				455FD2C6251A8940000AC903 /* LocationService.swift */,
			);
			path = Services;
			sourceTree = "<group>";
		};
		455FD2BD251A32B8000AC903 /* Constants */ = {
			isa = PBXGroup;
			children = (
				455FD2BE251A32C5000AC903 /* Constants.swift */,
				457C195B2521FE9800BB3FBD /* Universal.swift */,
			);
			path = Constants;
			sourceTree = "<group>";
		};
		455FD2C3251A8403000AC903 /* Frameworks */ = {
			isa = PBXGroup;
			children = (
				455FD2C4251A8403000AC903 /* CoreLocation.framework */,
			);
			name = Frameworks;
			sourceTree = "<group>";
		};
		455FD2C8251A980B000AC903 /* MainModule */ = {
			isa = PBXGroup;
			children = (
				455FD2CB251A9951000AC903 /* Model */,
				455FD2CA251A989E000AC903 /* Presenter */,
				455FD2C9251A9897000AC903 /* View */,
			);
			path = MainModule;
			sourceTree = "<group>";
		};
		455FD2C9251A9897000AC903 /* View */ = {
			isa = PBXGroup;
			children = (
				455FD297251A2E8C000AC903 /* ViewController.swift */,
			);
			path = View;
			sourceTree = "<group>";
		};
		455FD2CA251A989E000AC903 /* Presenter */ = {
			isa = PBXGroup;
			children = (
				455FD2CC251A99E4000AC903 /* Presenter.swift */,
			);
			path = Presenter;
			sourceTree = "<group>";
		};
		455FD2CB251A9951000AC903 /* Model */ = {
			isa = PBXGroup;
			children = (
				455FD2C1251A3C6C000AC903 /* WeatherModel.swift */,
				457C194F2521AE9700BB3FBD /* MainModel.swift */,
				4506FFF0251E91F300097B23 /* ThreeHourModel.swift */,
				4506FFF4251EBCB600097B23 /* DayModel.swift */,
				455FE182251DD79B002C5A21 /* FullDetailsModel.swift */,
			);
			path = Model;
			sourceTree = "<group>";
		};
		455FE184251DF5DC002C5A21 /* FullDescriptionTableViewCell */ = {
			isa = PBXGroup;
			children = (
				455FE185251DF617002C5A21 /* FullDescriptionTableViewCell.swift */,
				455FE186251DF617002C5A21 /* FullDescriptionTableViewCell.xib */,
			);
			path = FullDescriptionTableViewCell;
			sourceTree = "<group>";
		};
		457BB2B7251CD29800F4DF2D /* ThreeHourCollectionViewCell */ = {
			isa = PBXGroup;
			children = (
				457BB2B8251CD2C900F4DF2D /* ThreeHourCollectionViewCell.swift */,
				457BB2B9251CD2C900F4DF2D /* ThreeHourCollectionViewCell.xib */,
			);
			path = ThreeHourCollectionViewCell;
			sourceTree = "<group>";
		};
		457BB2BC251CFD6E00F4DF2D /* DaysTableViewCell */ = {
			isa = PBXGroup;
			children = (
				457BB2BD251CFDB100F4DF2D /* DaysTableViewCell.swift */,
				4556E8DE251D26B5006054B0 /* DayTableViewCell.swift */,
				457BB2BE251CFDB100F4DF2D /* DayTableViewCell.xib */,
			);
			path = DaysTableViewCell;
			sourceTree = "<group>";
		};
		457C766F251BD3ED00FD5FD8 /* Cells */ = {
			isa = PBXGroup;
			children = (
				455FE184251DF5DC002C5A21 /* FullDescriptionTableViewCell */,
				4556E8E0251D4A05006054B0 /* DescriptionCell */,
				457BB2BC251CFD6E00F4DF2D /* DaysTableViewCell */,
				457BB2B7251CD29800F4DF2D /* ThreeHourCollectionViewCell */,
			);
			path = Cells;
			sourceTree = "<group>";
		};
/* End PBXGroup section */

/* Begin PBXNativeTarget section */
		455FD28F251A2E8C000AC903 /* WeatherApp */ = {
			isa = PBXNativeTarget;
			buildConfigurationList = 455FD2B2251A2E8F000AC903 /* Build configuration list for PBXNativeTarget "WeatherApp" */;
			buildPhases = (
				455FD28C251A2E8C000AC903 /* Sources */,
				455FD28D251A2E8C000AC903 /* Frameworks */,
				455FD28E251A2E8C000AC903 /* Resources */,
			);
			buildRules = (
			);
			dependencies = (
			);
			name = WeatherApp;
			productName = WeatherApp;
			productReference = 455FD290251A2E8C000AC903 /* WeatherApp.app */;
			productType = "com.apple.product-type.application";
		};
		455FD2A8251A2E8F000AC903 /* WeatherAppTests */ = {
			isa = PBXNativeTarget;
			buildConfigurationList = 455FD2B5251A2E8F000AC903 /* Build configuration list for PBXNativeTarget "WeatherAppTests" */;
			buildPhases = (
				455FD2A5251A2E8F000AC903 /* Sources */,
				455FD2A6251A2E8F000AC903 /* Frameworks */,
				455FD2A7251A2E8F000AC903 /* Resources */,
			);
			buildRules = (
			);
			dependencies = (
				455FD2AB251A2E8F000AC903 /* PBXTargetDependency */,
			);
			name = WeatherAppTests;
			productName = WeatherAppTests;
			productReference = 455FD2A9251A2E8F000AC903 /* WeatherAppTests.xctest */;
			productType = "com.apple.product-type.bundle.unit-test";
		};
/* End PBXNativeTarget section */

/* Begin PBXProject section */
		455FD288251A2E8B000AC903 /* Project object */ = {
			isa = PBXProject;
			attributes = {
				LastSwiftUpdateCheck = 1160;
				LastUpgradeCheck = 1200;
				ORGANIZATIONNAME = IvanLyuhtikov;
				TargetAttributes = {
					455FD28F251A2E8C000AC903 = {
						CreatedOnToolsVersion = 11.6;
					};
					455FD2A8251A2E8F000AC903 = {
						CreatedOnToolsVersion = 11.6;
						TestTargetID = 455FD28F251A2E8C000AC903;
					};
				};
			};
			buildConfigurationList = 455FD28B251A2E8B000AC903 /* Build configuration list for PBXProject "WeatherApp" */;
			compatibilityVersion = "Xcode 9.3";
			developmentRegion = en;
			hasScannedForEncodings = 0;
			knownRegions = (
				en,
				Base,
			);
			mainGroup = 455FD287251A2E8B000AC903;
			productRefGroup = 455FD291251A2E8C000AC903 /* Products */;
			projectDirPath = "";
			projectRoot = "";
			targets = (
				455FD28F251A2E8C000AC903 /* WeatherApp */,
				455FD2A8251A2E8F000AC903 /* WeatherAppTests */,
			);
		};
/* End PBXProject section */

/* Begin PBXResourcesBuildPhase section */
		455FD28E251A2E8C000AC903 /* Resources */ = {
			isa = PBXResourcesBuildPhase;
			buildActionMask = 2147483647;
			files = (
				455FD2A3251A2E8F000AC903 /* LaunchScreen.storyboard in Resources */,
				457BB2BB251CD2C900F4DF2D /* ThreeHourCollectionViewCell.xib in Resources */,
				4556E8E4251D4A48006054B0 /* DescriptionTableViewCell.xib in Resources */,
				455FE18A251E0986002C5A21 /* sky_video.mp4 in Resources */,
				455FE188251DF617002C5A21 /* FullDescriptionTableViewCell.xib in Resources */,
				455FD2A0251A2E8F000AC903 /* Assets.xcassets in Resources */,
				455FD29B251A2E8C000AC903 /* Main.storyboard in Resources */,
				457BB2C0251CFDB100F4DF2D /* DayTableViewCell.xib in Resources */,
			);
			runOnlyForDeploymentPostprocessing = 0;
		};
		455FD2A7251A2E8F000AC903 /* Resources */ = {
			isa = PBXResourcesBuildPhase;
			buildActionMask = 2147483647;
			files = (
			);
			runOnlyForDeploymentPostprocessing = 0;
		};
/* End PBXResourcesBuildPhase section */

/* Begin PBXSourcesBuildPhase section */
		455FD28C251A2E8C000AC903 /* Sources */ = {
			isa = PBXSourcesBuildPhase;
			buildActionMask = 2147483647;
			files = (
				4556E8DF251D26B5006054B0 /* DayTableViewCell.swift in Sources */,
				4556E8E3251D4A48006054B0 /* DescriptionTableViewCell.swift in Sources */,
				457C195C2521FE9800BB3FBD /* Universal.swift in Sources */,
				457C193C2520839000BB3FBD /* WeatherModel+CoreDataProperties.swift in Sources */,
				455FD2CD251A99E4000AC903 /* Presenter.swift in Sources */,
				455FD2BC251A32A3000AC903 /* NetworkService.swift in Sources */,
				455FD29E251A2E8C000AC903 /* WeatherAppModel.xcdatamodeld in Sources */,
				457C19442520883D00BB3FBD /* NetworkCheckingService.swift in Sources */,
				457C192025206EC000BB3FBD /* PersistenceService.swift in Sources */,
				457C19502521AE9700BB3FBD /* MainModel.swift in Sources */,
				455FE183251DD79B002C5A21 /* FullDetailsModel.swift in Sources */,
				457BB2BF251CFDB100F4DF2D /* DaysTableViewCell.swift in Sources */,
				457C766E251BC99D00FD5FD8 /* Extension.swift in Sources */,
				4506FFF5251EBCB600097B23 /* DayModel.swift in Sources */,
				455FE187251DF617002C5A21 /* FullDescriptionTableViewCell.swift in Sources */,
				455FD2C7251A8940000AC903 /* LocationService.swift in Sources */,
				457C193B2520839000BB3FBD /* WeatherModel+CoreDataClass.swift in Sources */,
				455FD2C2251A3C6C000AC903 /* WeatherModel.swift in Sources */,
				455FD298251A2E8C000AC903 /* ViewController.swift in Sources */,
				455FD294251A2E8C000AC903 /* AppDelegate.swift in Sources */,
				455FD296251A2E8C000AC903 /* SceneDelegate.swift in Sources */,
				455FD2BF251A32C5000AC903 /* Constants.swift in Sources */,
				4506FFF1251E91F300097B23 /* ThreeHourModel.swift in Sources */,
				457BB2BA251CD2C900F4DF2D /* ThreeHourCollectionViewCell.swift in Sources */,
			);
			runOnlyForDeploymentPostprocessing = 0;
		};
		455FD2A5251A2E8F000AC903 /* Sources */ = {
			isa = PBXSourcesBuildPhase;
			buildActionMask = 2147483647;
			files = (
				455FD2AE251A2E8F000AC903 /* WeatherAppTests.swift in Sources */,
			);
			runOnlyForDeploymentPostprocessing = 0;
		};
/* End PBXSourcesBuildPhase section */

/* Begin PBXTargetDependency section */
		455FD2AB251A2E8F000AC903 /* PBXTargetDependency */ = {
			isa = PBXTargetDependency;
			target = 455FD28F251A2E8C000AC903 /* WeatherApp */;
			targetProxy = 455FD2AA251A2E8F000AC903 /* PBXContainerItemProxy */;
		};
/* End PBXTargetDependency section */

/* Begin PBXVariantGroup section */
		455FD299251A2E8C000AC903 /* Main.storyboard */ = {
			isa = PBXVariantGroup;
			children = (
				455FD29A251A2E8C000AC903 /* Base */,
			);
			name = Main.storyboard;
			sourceTree = "<group>";
		};
		455FD2A1251A2E8F000AC903 /* LaunchScreen.storyboard */ = {
			isa = PBXVariantGroup;
			children = (
				455FD2A2251A2E8F000AC903 /* Base */,
			);
			name = LaunchScreen.storyboard;
			sourceTree = "<group>";
		};
/* End PBXVariantGroup section */

/* Begin XCBuildConfiguration section */
		455FD2B0251A2E8F000AC903 /* Debug */ = {
			isa = XCBuildConfiguration;
			buildSettings = {
				ALWAYS_SEARCH_USER_PATHS = NO;
				CLANG_ANALYZER_NONNULL = YES;
				CLANG_ANALYZER_NUMBER_OBJECT_CONVERSION = YES_AGGRESSIVE;
				CLANG_CXX_LANGUAGE_STANDARD = "gnu++14";
				CLANG_CXX_LIBRARY = "libc++";
				CLANG_ENABLE_MODULES = YES;
				CLANG_ENABLE_OBJC_ARC = YES;
				CLANG_ENABLE_OBJC_WEAK = YES;
				CLANG_WARN_BLOCK_CAPTURE_AUTORELEASING = YES;
				CLANG_WARN_BOOL_CONVERSION = YES;
				CLANG_WARN_COMMA = YES;
				CLANG_WARN_CONSTANT_CONVERSION = YES;
				CLANG_WARN_DEPRECATED_OBJC_IMPLEMENTATIONS = YES;
				CLANG_WARN_DIRECT_OBJC_ISA_USAGE = YES_ERROR;
				CLANG_WARN_DOCUMENTATION_COMMENTS = YES;
				CLANG_WARN_EMPTY_BODY = YES;
				CLANG_WARN_ENUM_CONVERSION = YES;
				CLANG_WARN_INFINITE_RECURSION = YES;
				CLANG_WARN_INT_CONVERSION = YES;
				CLANG_WARN_NON_LITERAL_NULL_CONVERSION = YES;
				CLANG_WARN_OBJC_IMPLICIT_RETAIN_SELF = YES;
				CLANG_WARN_OBJC_LITERAL_CONVERSION = YES;
				CLANG_WARN_OBJC_ROOT_CLASS = YES_ERROR;
				CLANG_WARN_QUOTED_INCLUDE_IN_FRAMEWORK_HEADER = YES;
				CLANG_WARN_RANGE_LOOP_ANALYSIS = YES;
				CLANG_WARN_STRICT_PROTOTYPES = YES;
				CLANG_WARN_SUSPICIOUS_MOVE = YES;
				CLANG_WARN_UNGUARDED_AVAILABILITY = YES_AGGRESSIVE;
				CLANG_WARN_UNREACHABLE_CODE = YES;
				CLANG_WARN__DUPLICATE_METHOD_MATCH = YES;
				COPY_PHASE_STRIP = NO;
				DEBUG_ACTIVITY_MODE = "";
				"DEBUG_ACTIVITY_MODE[sdk=iphonesimulator*]" = disable;
				DEBUG_INFORMATION_FORMAT = dwarf;
				ENABLE_STRICT_OBJC_MSGSEND = YES;
				ENABLE_TESTABILITY = YES;
				GCC_C_LANGUAGE_STANDARD = gnu11;
				GCC_DYNAMIC_NO_PIC = NO;
				GCC_NO_COMMON_BLOCKS = YES;
				GCC_OPTIMIZATION_LEVEL = 0;
				GCC_PREPROCESSOR_DEFINITIONS = (
					"DEBUG=1",
					"$(inherited)",
				);
				GCC_WARN_64_TO_32_BIT_CONVERSION = YES;
				GCC_WARN_ABOUT_RETURN_TYPE = YES_ERROR;
				GCC_WARN_UNDECLARED_SELECTOR = YES;
				GCC_WARN_UNINITIALIZED_AUTOS = YES_AGGRESSIVE;
				GCC_WARN_UNUSED_FUNCTION = YES;
				GCC_WARN_UNUSED_VARIABLE = YES;
				IPHONEOS_DEPLOYMENT_TARGET = 13.6;
				MTL_ENABLE_DEBUG_INFO = INCLUDE_SOURCE;
				MTL_FAST_MATH = YES;
				ONLY_ACTIVE_ARCH = YES;
				SDKROOT = iphoneos;
				SWIFT_ACTIVE_COMPILATION_CONDITIONS = DEBUG;
				SWIFT_OPTIMIZATION_LEVEL = "-Onone";
			};
			name = Debug;
		};
		455FD2B1251A2E8F000AC903 /* Release */ = {
			isa = XCBuildConfiguration;
			buildSettings = {
				ALWAYS_SEARCH_USER_PATHS = NO;
				CLANG_ANALYZER_NONNULL = YES;
				CLANG_ANALYZER_NUMBER_OBJECT_CONVERSION = YES_AGGRESSIVE;
				CLANG_CXX_LANGUAGE_STANDARD = "gnu++14";
				CLANG_CXX_LIBRARY = "libc++";
				CLANG_ENABLE_MODULES = YES;
				CLANG_ENABLE_OBJC_ARC = YES;
				CLANG_ENABLE_OBJC_WEAK = YES;
				CLANG_WARN_BLOCK_CAPTURE_AUTORELEASING = YES;
				CLANG_WARN_BOOL_CONVERSION = YES;
				CLANG_WARN_COMMA = YES;
				CLANG_WARN_CONSTANT_CONVERSION = YES;
				CLANG_WARN_DEPRECATED_OBJC_IMPLEMENTATIONS = YES;
				CLANG_WARN_DIRECT_OBJC_ISA_USAGE = YES_ERROR;
				CLANG_WARN_DOCUMENTATION_COMMENTS = YES;
				CLANG_WARN_EMPTY_BODY = YES;
				CLANG_WARN_ENUM_CONVERSION = YES;
				CLANG_WARN_INFINITE_RECURSION = YES;
				CLANG_WARN_INT_CONVERSION = YES;
				CLANG_WARN_NON_LITERAL_NULL_CONVERSION = YES;
				CLANG_WARN_OBJC_IMPLICIT_RETAIN_SELF = YES;
				CLANG_WARN_OBJC_LITERAL_CONVERSION = YES;
				CLANG_WARN_OBJC_ROOT_CLASS = YES_ERROR;
				CLANG_WARN_QUOTED_INCLUDE_IN_FRAMEWORK_HEADER = YES;
				CLANG_WARN_RANGE_LOOP_ANALYSIS = YES;
				CLANG_WARN_STRICT_PROTOTYPES = YES;
				CLANG_WARN_SUSPICIOUS_MOVE = YES;
				CLANG_WARN_UNGUARDED_AVAILABILITY = YES_AGGRESSIVE;
				CLANG_WARN_UNREACHABLE_CODE = YES;
				CLANG_WARN__DUPLICATE_METHOD_MATCH = YES;
				COPY_PHASE_STRIP = NO;
				DEBUG_ACTIVITY_MODE = "";
				DEBUG_INFORMATION_FORMAT = "dwarf-with-dsym";
				ENABLE_NS_ASSERTIONS = NO;
				ENABLE_STRICT_OBJC_MSGSEND = YES;
				GCC_C_LANGUAGE_STANDARD = gnu11;
				GCC_NO_COMMON_BLOCKS = YES;
				GCC_WARN_64_TO_32_BIT_CONVERSION = YES;
				GCC_WARN_ABOUT_RETURN_TYPE = YES_ERROR;
				GCC_WARN_UNDECLARED_SELECTOR = YES;
				GCC_WARN_UNINITIALIZED_AUTOS = YES_AGGRESSIVE;
				GCC_WARN_UNUSED_FUNCTION = YES;
				GCC_WARN_UNUSED_VARIABLE = YES;
				IPHONEOS_DEPLOYMENT_TARGET = 13.6;
				MTL_ENABLE_DEBUG_INFO = NO;
				MTL_FAST_MATH = YES;
				SDKROOT = iphoneos;
				SWIFT_COMPILATION_MODE = wholemodule;
				SWIFT_OPTIMIZATION_LEVEL = "-O";
				VALIDATE_PRODUCT = YES;
			};
			name = Release;
		};
		455FD2B3251A2E8F000AC903 /* Debug */ = {
			isa = XCBuildConfiguration;
			buildSettings = {
				ASSETCATALOG_COMPILER_APPICON_NAME = AppIcon;
				CODE_SIGN_STYLE = Automatic;
				DEVELOPMENT_TEAM = 779L93M27G;
				INFOPLIST_FILE = WeatherApp/ThirdParty/Info.plist;
				IPHONEOS_DEPLOYMENT_TARGET = 12.0;
				LD_RUNPATH_SEARCH_PATHS = (
					"$(inherited)",
					"@executable_path/Frameworks",
				);
				PRODUCT_BUNDLE_IDENTIFIER = com.vanjo.WeatherApp;
				PRODUCT_NAME = "$(TARGET_NAME)";
				SWIFT_VERSION = 5.0;
				TARGETED_DEVICE_FAMILY = "1,2";
			};
			name = Debug;
		};
		455FD2B4251A2E8F000AC903 /* Release */ = {
			isa = XCBuildConfiguration;
			buildSettings = {
				ASSETCATALOG_COMPILER_APPICON_NAME = AppIcon;
				CODE_SIGN_STYLE = Automatic;
				DEVELOPMENT_TEAM = 779L93M27G;
				INFOPLIST_FILE = WeatherApp/ThirdParty/Info.plist;
				IPHONEOS_DEPLOYMENT_TARGET = 12.0;
				LD_RUNPATH_SEARCH_PATHS = (
					"$(inherited)",
					"@executable_path/Frameworks",
				);
				PRODUCT_BUNDLE_IDENTIFIER = com.vanjo.WeatherApp;
				PRODUCT_NAME = "$(TARGET_NAME)";
				SWIFT_VERSION = 5.0;
				TARGETED_DEVICE_FAMILY = "1,2";
			};
			name = Release;
		};
		455FD2B6251A2E8F000AC903 /* Debug */ = {
			isa = XCBuildConfiguration;
			buildSettings = {
				ALWAYS_EMBED_SWIFT_STANDARD_LIBRARIES = YES;
				BUNDLE_LOADER = "$(TEST_HOST)";
				CODE_SIGN_STYLE = Automatic;
				DEVELOPMENT_TEAM = 779L93M27G;
				INFOPLIST_FILE = WeatherAppTests/Info.plist;
				IPHONEOS_DEPLOYMENT_TARGET = 13.6;
				LD_RUNPATH_SEARCH_PATHS = (
					"$(inherited)",
					"@executable_path/Frameworks",
					"@loader_path/Frameworks",
				);
				PRODUCT_BUNDLE_IDENTIFIER = com.vanjo.WeatherAppTests;
				PRODUCT_NAME = "$(TARGET_NAME)";
				SWIFT_VERSION = 5.0;
				TARGETED_DEVICE_FAMILY = "1,2";
				TEST_HOST = "$(BUILT_PRODUCTS_DIR)/WeatherApp.app/WeatherApp";
			};
			name = Debug;
		};
		455FD2B7251A2E8F000AC903 /* Release */ = {
			isa = XCBuildConfiguration;
			buildSettings = {
				ALWAYS_EMBED_SWIFT_STANDARD_LIBRARIES = YES;
				BUNDLE_LOADER = "$(TEST_HOST)";
				CODE_SIGN_STYLE = Automatic;
				DEVELOPMENT_TEAM = 779L93M27G;
				INFOPLIST_FILE = WeatherAppTests/Info.plist;
				IPHONEOS_DEPLOYMENT_TARGET = 13.6;
				LD_RUNPATH_SEARCH_PATHS = (
					"$(inherited)",
					"@executable_path/Frameworks",
					"@loader_path/Frameworks",
				);
				PRODUCT_BUNDLE_IDENTIFIER = com.vanjo.WeatherAppTests;
				PRODUCT_NAME = "$(TARGET_NAME)";
				SWIFT_VERSION = 5.0;
				TARGETED_DEVICE_FAMILY = "1,2";
				TEST_HOST = "$(BUILT_PRODUCTS_DIR)/WeatherApp.app/WeatherApp";
			};
			name = Release;
		};
/* End XCBuildConfiguration section */

/* Begin XCConfigurationList section */
		455FD28B251A2E8B000AC903 /* Build configuration list for PBXProject "WeatherApp" */ = {
			isa = XCConfigurationList;
			buildConfigurations = (
				455FD2B0251A2E8F000AC903 /* Debug */,
				455FD2B1251A2E8F000AC903 /* Release */,
			);
			defaultConfigurationIsVisible = 0;
			defaultConfigurationName = Release;
		};
		455FD2B2251A2E8F000AC903 /* Build configuration list for PBXNativeTarget "WeatherApp" */ = {
			isa = XCConfigurationList;
			buildConfigurations = (
				455FD2B3251A2E8F000AC903 /* Debug */,
				455FD2B4251A2E8F000AC903 /* Release */,
			);
			defaultConfigurationIsVisible = 0;
			defaultConfigurationName = Release;
		};
		455FD2B5251A2E8F000AC903 /* Build configuration list for PBXNativeTarget "WeatherAppTests" */ = {
			isa = XCConfigurationList;
			buildConfigurations = (
				455FD2B6251A2E8F000AC903 /* Debug */,
				455FD2B7251A2E8F000AC903 /* Release */,
			);
			defaultConfigurationIsVisible = 0;
			defaultConfigurationName = Release;
		};
/* End XCConfigurationList section */

/* Begin XCVersionGroup section */
		455FD29C251A2E8C000AC903 /* WeatherAppModel.xcdatamodeld */ = {
			isa = XCVersionGroup;
			children = (
				455FD29D251A2E8C000AC903 /* WeatherApp.xcdatamodel */,
			);
			currentVersion = 455FD29D251A2E8C000AC903 /* WeatherApp.xcdatamodel */;
			path = WeatherAppModel.xcdatamodeld;
			sourceTree = "<group>";
			versionGroupType = wrapper.xcdatamodel;
		};
/* End XCVersionGroup section */
	};
	rootObject = 455FD288251A2E8B000AC903 /* Project object */;
}
